
Microsoft Visual Studio Solution File, Format Version 12.00
# Visual Studio Version 17
VisualStudioVersion = 17.10.35027.167
MinimumVisualStudioVersion = 10.0.40219.1
Project("{8BC9CEB8-8B4A-11D0-8D11-00A0C91BC942}") = "exercise_4", "exercise_4\exercise_4.vcxproj", "{82D15C90-0C23-48E9-B019-B5A41325E6AD}"
EndProject
Global
	GlobalSection(SolutionConfigurationPlatforms) = preSolution
		Debug|x64 = Debug|x64
		Debug|x86 = Debug|x86
		Release|x64 = Release|x64
		Release|x86 = Release|x86
	EndGlobalSection
	GlobalSection(ProjectConfigurationPlatforms) = postSolution
		{82D15C90-0C23-48E9-B019-B5A41325E6AD}.Debug|x64.ActiveCfg = Debug|x64
		{82D15C90-0C23-48E9-B019-B5A41325E6AD}.Debug|x64.Build.0 = Debug|x64
		{82D15C90-0C23-48E9-B019-B5A41325E6AD}.Debug|x86.ActiveCfg = Debug|Win32
		{82D15C90-0C23-48E9-B019-B5A41325E6AD}.Debug|x86.Build.0 = Debug|Win32
		{82D15C90-0C23-48E9-B019-B5A41325E6AD}.Release|x64.ActiveCfg = Release|x64
		{82D15C90-0C23-48E9-B019-B5A41325E6AD}.Release|x64.Build.0 = Release|x64
		{82D15C90-0C23-48E9-B019-B5A41325E6AD}.Release|x86.ActiveCfg = Release|Win32
		{82D15C90-0C23-48E9-B019-B5A41325E6AD}.Release|x86.Build.0 = Release|Win32
	EndGlobalSection
	GlobalSection(SolutionProperties) = preSolution
		HideSolutionNode = FALSE
	EndGlobalSection
	GlobalSection(ExtensibilityGlobals) = postSolution
		SolutionGuid = {02B16E52-226A-44EE-99DC-D8906C61378D}
	EndGlobalSection
EndGlobal
