
Microsoft Visual Studio Solution File, Format Version 12.00
# Visual Studio Version 17
VisualStudioVersion = 17.10.35027.167
MinimumVisualStudioVersion = 10.0.40219.1
Project("{8BC9CEB8-8B4A-11D0-8D11-00A0C91BC942}") = "2.7.1", "2.7.1\2.7.1.vcxproj", "{67C10C1C-D999-4661-AEF0-EF72D76F5E43}"
EndProject
Global
	GlobalSection(SolutionConfigurationPlatforms) = preSolution
		Debug|x64 = Debug|x64
		Debug|x86 = Debug|x86
		Release|x64 = Release|x64
		Release|x86 = Release|x86
	EndGlobalSection
	GlobalSection(ProjectConfigurationPlatforms) = postSolution
		{67C10C1C-D999-4661-AEF0-EF72D76F5E43}.Debug|x64.ActiveCfg = Debug|x64
		{67C10C1C-D999-4661-AEF0-EF72D76F5E43}.Debug|x64.Build.0 = Debug|x64
		{67C10C1C-D999-4661-AEF0-EF72D76F5E43}.Debug|x86.ActiveCfg = Debug|Win32
		{67C10C1C-D999-4661-AEF0-EF72D76F5E43}.Debug|x86.Build.0 = Debug|Win32
		{67C10C1C-D999-4661-AEF0-EF72D76F5E43}.Release|x64.ActiveCfg = Release|x64
		{67C10C1C-D999-4661-AEF0-EF72D76F5E43}.Release|x64.Build.0 = Release|x64
		{67C10C1C-D999-4661-AEF0-EF72D76F5E43}.Release|x86.ActiveCfg = Release|Win32
		{67C10C1C-D999-4661-AEF0-EF72D76F5E43}.Release|x86.Build.0 = Release|Win32
	EndGlobalSection
	GlobalSection(SolutionProperties) = preSolution
		HideSolutionNode = FALSE
	EndGlobalSection
	GlobalSection(ExtensibilityGlobals) = postSolution
		SolutionGuid = {47A36EEC-875F-4EA0-A9A0-981BA9CAF57F}
	EndGlobalSection
EndGlobal
